
Microsoft Visual Studio Solution File, Format Version 12.00
# Visual Studio Version 18
VisualStudioVersion = 18.7.11919.86
MinimumVisualStudioVersion = 10.0.40219.1
Project("{FAE04EC0-301F-11D3-BF4B-00C04F79EFBC}") = "Setup", "Setup.csproj", "{D307347B-4E37-4FCE-8F1B-70F3188ED693}"
EndProject
Project("{FAE04EC0-301F-11D3-BF4B-00C04F79EFBC}") = "Common", "..\Framework\Common\Common.csproj", "{9F0601AB-EA31-A20F-1B21-30C901BDC579}"
EndProject
Project("{FAE04EC0-301F-11D3-BF4B-00C04F79EFBC}") = "Components", "..\Framework\Components\Components.csproj", "{273EFD2B-264A-73C4-9554-0773CE10039D}"
EndProject
Project("{FAE04EC0-301F-11D3-BF4B-00C04F79EFBC}") = "Console", "..\Framework\DevConsole\Console.csproj", "{5FB08902-D7AE-50CD-5293-8730670D6A61}"
EndProject
Project("{FAE04EC0-301F-11D3-BF4B-00C04F79EFBC}") = "Logger", "..\Framework\Logger\Logger.csproj", "{6C1C76AA-84F7-C031-4B60-3AD999FE858D}"
EndProject
Project("{2150E333-8FDC-42A3-9474-1A3956D46DE8}") = "Framework", "Framework", "{27C98E73-4A72-4B5D-94D7-06FD197DE703}"
EndProject
Project("{2150E333-8FDC-42A3-9474-1A3956D46DE8}") = "Game", "Game", "{5EEFF9F0-77C2-4447-9BCD-7FA94B00BF98}"
EndProject
Project("{2150E333-8FDC-42A3-9474-1A3956D46DE8}") = "Physics", "Physics", "{E3FE56D5-B35F-4784-8344-0F0E2D1501B6}"
EndProject
Project("{FAE04EC0-301F-11D3-BF4B-00C04F79EFBC}") = "Physics.Integration", "..\Framework\Physics\Core\Physics.Integration.csproj", "{6F5F37CE-07DC-DB47-B0EA-CFAE9237F336}"
EndProject
Project("{2150E333-8FDC-42A3-9474-1A3956D46DE8}") = "Bepu", "Bepu", "{D6168FF3-0476-4A8D-8391-DE88109398BE}"
EndProject
Project("{FAE04EC0-301F-11D3-BF4B-00C04F79EFBC}") = "BepuPhysics", "..\Framework\Physics\Bepu\BepuPhysics\BepuPhysics.csproj", "{EEBCF329-BDA2-4A44-B7EE-6551AB7BFB02}"
EndProject
Project("{FAE04EC0-301F-11D3-BF4B-00C04F79EFBC}") = "BepuUtilities", "..\Framework\Physics\Bepu\BepuUtilities\BepuUtilities.csproj", "{015D124D-E55E-45A8-866D-528A14ABBA96}"
EndProject
Project("{2150E333-8FDC-42A3-9474-1A3956D46DE8}") = "Math", "Math", "{1824C7F2-0E4C-4855-95D2-DD23F385F9BA}"
EndProject
Project("{2150E333-8FDC-42A3-9474-1A3956D46DE8}") = "Tests", "Tests", "{F85089FE-842E-49A6-9567-B2C86C38A49C}"
EndProject
Project("{FAE04EC0-301F-11D3-BF4B-00C04F79EFBC}") = "FastMath_Tests", "..\Framework\Math\Tests\FastMath_Tests\FastMath_Tests.csproj", "{EE342B01-72B0-4E59-BF03-581F1A490466}"
EndProject
Project("{FAE04EC0-301F-11D3-BF4B-00C04F79EFBC}") = "FastMath.Core", "..\Framework\Math\Core\FastMath.Core.csproj", "{A64FE841-5CDA-4591-88DF-23C925536D59}"
EndProject
Project("{FAE04EC0-301F-11D3-BF4B-00C04F79EFBC}") = "FastMath.Godot", "..\Framework\Math\Godot\FastMath.Godot.csproj", "{EAF816C5-B4D2-4806-B0FE-E8041E4B2407}"
EndProject
Project("{FAE04EC0-301F-11D3-BF4B-00C04F79EFBC}") = "FastMath.Numerics", "..\Framework\Math\Numerics\FastMath.Numerics.csproj", "{C724DF5C-DC92-442D-8401-3D9079BE7858}"
EndProject
Project("{2150E333-8FDC-42A3-9474-1A3956D46DE8}") = "Streaming", "Streaming", "{B7A91A01-67CF-4BFE-AD5C-5D6EF681B517}"
EndProject
Project("{FAE04EC0-301F-11D3-BF4B-00C04F79EFBC}") = "Streaming.Integration", "..\Framework\Streaming\Core\Streaming.Integration.csproj", "{5A8D0C2C-2F9E-C6F1-D7FF-96CA2667D6F0}"
EndProject
Project("{FAE04EC0-301F-11D3-BF4B-00C04F79EFBC}") = "TextureBaker", "..\Framework\Streaming\TextureBaker\TextureBaker.csproj", "{A5F6A398-81A0-13B0-E058-0A1E7B598238}"
EndProject
Global
	GlobalSection(SolutionConfigurationPlatforms) = preSolution
		Debug|Any CPU = Debug|Any CPU
		ExportDebug|Any CPU = ExportDebug|Any CPU
		ExportRelease|Any CPU = ExportRelease|Any CPU
	EndGlobalSection
	GlobalSection(ProjectConfigurationPlatforms) = postSolution
		{D307347B-4E37-4FCE-8F1B-70F3188ED693}.Debug|Any CPU.ActiveCfg = Debug|Any CPU
		{D307347B-4E37-4FCE-8F1B-70F3188ED693}.Debug|Any CPU.Build.0 = Debug|Any CPU
		{D307347B-4E37-4FCE-8F1B-70F3188ED693}.ExportDebug|Any CPU.ActiveCfg = ExportDebug|Any CPU
		{D307347B-4E37-4FCE-8F1B-70F3188ED693}.ExportDebug|Any CPU.Build.0 = ExportDebug|Any CPU
		{D307347B-4E37-4FCE-8F1B-70F3188ED693}.ExportRelease|Any CPU.ActiveCfg = ExportRelease|Any CPU
		{D307347B-4E37-4FCE-8F1B-70F3188ED693}.ExportRelease|Any CPU.Build.0 = ExportRelease|Any CPU
		{9F0601AB-EA31-A20F-1B21-30C901BDC579}.Debug|Any CPU.ActiveCfg = Debug|Any CPU
		{9F0601AB-EA31-A20F-1B21-30C901BDC579}.Debug|Any CPU.Build.0 = Debug|Any CPU
		{9F0601AB-EA31-A20F-1B21-30C901BDC579}.ExportDebug|Any CPU.ActiveCfg = Release|Any CPU
		{9F0601AB-EA31-A20F-1B21-30C901BDC579}.ExportDebug|Any CPU.Build.0 = Release|Any CPU
		{9F0601AB-EA31-A20F-1B21-30C901BDC579}.ExportRelease|Any CPU.ActiveCfg = Release|Any CPU
		{9F0601AB-EA31-A20F-1B21-30C901BDC579}.ExportRelease|Any CPU.Build.0 = Release|Any CPU
		{273EFD2B-264A-73C4-9554-0773CE10039D}.Debug|Any CPU.ActiveCfg = Debug|Any CPU
		{273EFD2B-264A-73C4-9554-0773CE10039D}.Debug|Any CPU.Build.0 = Debug|Any CPU
		{273EFD2B-264A-73C4-9554-0773CE10039D}.ExportDebug|Any CPU.ActiveCfg = Release|Any CPU
		{273EFD2B-264A-73C4-9554-0773CE10039D}.ExportDebug|Any CPU.Build.0 = Release|Any CPU
		{273EFD2B-264A-73C4-9554-0773CE10039D}.ExportRelease|Any CPU.ActiveCfg = Release|Any CPU
		{273EFD2B-264A-73C4-9554-0773CE10039D}.ExportRelease|Any CPU.Build.0 = Release|Any CPU
		{5FB08902-D7AE-50CD-5293-8730670D6A61}.Debug|Any CPU.ActiveCfg = Debug|Any CPU
		{5FB08902-D7AE-50CD-5293-8730670D6A61}.Debug|Any CPU.Build.0 = Debug|Any CPU
		{5FB08902-D7AE-50CD-5293-8730670D6A61}.ExportDebug|Any CPU.ActiveCfg = Release|Any CPU
		{5FB08902-D7AE-50CD-5293-8730670D6A61}.ExportDebug|Any CPU.Build.0 = Release|Any CPU
		{5FB08902-D7AE-50CD-5293-8730670D6A61}.ExportRelease|Any CPU.ActiveCfg = Release|Any CPU
		{5FB08902-D7AE-50CD-5293-8730670D6A61}.ExportRelease|Any CPU.Build.0 = Release|Any CPU
		{6C1C76AA-84F7-C031-4B60-3AD999FE858D}.Debug|Any CPU.ActiveCfg = Debug|Any CPU
		{6C1C76AA-84F7-C031-4B60-3AD999FE858D}.Debug|Any CPU.Build.0 = Debug|Any CPU
		{6C1C76AA-84F7-C031-4B60-3AD999FE858D}.ExportDebug|Any CPU.ActiveCfg = Release|Any CPU
		{6C1C76AA-84F7-C031-4B60-3AD999FE858D}.ExportDebug|Any CPU.Build.0 = Release|Any CPU
		{6C1C76AA-84F7-C031-4B60-3AD999FE858D}.ExportRelease|Any CPU.ActiveCfg = Release|Any CPU
		{6C1C76AA-84F7-C031-4B60-3AD999FE858D}.ExportRelease|Any CPU.Build.0 = Release|Any CPU
		{6F5F37CE-07DC-DB47-B0EA-CFAE9237F336}.Debug|Any CPU.ActiveCfg = Debug|Any CPU
		{6F5F37CE-07DC-DB47-B0EA-CFAE9237F336}.Debug|Any CPU.Build.0 = Debug|Any CPU
		{6F5F37CE-07DC-DB47-B0EA-CFAE9237F336}.ExportDebug|Any CPU.ActiveCfg = Release|Any CPU
		{6F5F37CE-07DC-DB47-B0EA-CFAE9237F336}.ExportDebug|Any CPU.Build.0 = Release|Any CPU
		{6F5F37CE-07DC-DB47-B0EA-CFAE9237F336}.ExportRelease|Any CPU.ActiveCfg = Release|Any CPU
		{6F5F37CE-07DC-DB47-B0EA-CFAE9237F336}.ExportRelease|Any CPU.Build.0 = Release|Any CPU
		{EEBCF329-BDA2-4A44-B7EE-6551AB7BFB02}.Debug|Any CPU.ActiveCfg = Debug|Any CPU
		{EEBCF329-BDA2-4A44-B7EE-6551AB7BFB02}.Debug|Any CPU.Build.0 = Debug|Any CPU
		{EEBCF329-BDA2-4A44-B7EE-6551AB7BFB02}.ExportDebug|Any CPU.ActiveCfg = Release|Any CPU
		{EEBCF329-BDA2-4A44-B7EE-6551AB7BFB02}.ExportDebug|Any CPU.Build.0 = Release|Any CPU
		{EEBCF329-BDA2-4A44-B7EE-6551AB7BFB02}.ExportRelease|Any CPU.ActiveCfg = Release|Any CPU
		{EEBCF329-BDA2-4A44-B7EE-6551AB7BFB02}.ExportRelease|Any CPU.Build.0 = Release|Any CPU
		{015D124D-E55E-45A8-866D-528A14ABBA96}.Debug|Any CPU.ActiveCfg = Debug|Any CPU
		{015D124D-E55E-45A8-866D-528A14ABBA96}.Debug|Any CPU.Build.0 = Debug|Any CPU
		{015D124D-E55E-45A8-866D-528A14ABBA96}.ExportDebug|Any CPU.ActiveCfg = Release|Any CPU
		{015D124D-E55E-45A8-866D-528A14ABBA96}.ExportDebug|Any CPU.Build.0 = Release|Any CPU
		{015D124D-E55E-45A8-866D-528A14ABBA96}.ExportRelease|Any CPU.ActiveCfg = Release|Any CPU
		{015D124D-E55E-45A8-866D-528A14ABBA96}.ExportRelease|Any CPU.Build.0 = Release|Any CPU
		{EE342B01-72B0-4E59-BF03-581F1A490466}.Debug|Any CPU.ActiveCfg = Debug|Any CPU
		{EE342B01-72B0-4E59-BF03-581F1A490466}.Debug|Any CPU.Build.0 = Debug|Any CPU
		{EE342B01-72B0-4E59-BF03-581F1A490466}.ExportDebug|Any CPU.ActiveCfg = Release|Any CPU
		{EE342B01-72B0-4E59-BF03-581F1A490466}.ExportDebug|Any CPU.Build.0 = Release|Any CPU
		{EE342B01-72B0-4E59-BF03-581F1A490466}.ExportRelease|Any CPU.ActiveCfg = Release|Any CPU
		{EE342B01-72B0-4E59-BF03-581F1A490466}.ExportRelease|Any CPU.Build.0 = Release|Any CPU
		{A64FE841-5CDA-4591-88DF-23C925536D59}.Debug|Any CPU.ActiveCfg = Debug|Any CPU
		{A64FE841-5CDA-4591-88DF-23C925536D59}.Debug|Any CPU.Build.0 = Debug|Any CPU
		{A64FE841-5CDA-4591-88DF-23C925536D59}.ExportDebug|Any CPU.ActiveCfg = Release|Any CPU
		{A64FE841-5CDA-4591-88DF-23C925536D59}.ExportDebug|Any CPU.Build.0 = Release|Any CPU
		{A64FE841-5CDA-4591-88DF-23C925536D59}.ExportRelease|Any CPU.ActiveCfg = Release|Any CPU
		{A64FE841-5CDA-4591-88DF-23C925536D59}.ExportRelease|Any CPU.Build.0 = Release|Any CPU
		{EAF816C5-B4D2-4806-B0FE-E8041E4B2407}.Debug|Any CPU.ActiveCfg = Debug|Any CPU
		{EAF816C5-B4D2-4806-B0FE-E8041E4B2407}.Debug|Any CPU.Build.0 = Debug|Any CPU
		{EAF816C5-B4D2-4806-B0FE-E8041E4B2407}.ExportDebug|Any CPU.ActiveCfg = Release|Any CPU
		{EAF816C5-B4D2-4806-B0FE-E8041E4B2407}.ExportDebug|Any CPU.Build.0 = Release|Any CPU
		{EAF816C5-B4D2-4806-B0FE-E8041E4B2407}.ExportRelease|Any CPU.ActiveCfg = Release|Any CPU
		{EAF816C5-B4D2-4806-B0FE-E8041E4B2407}.ExportRelease|Any CPU.Build.0 = Release|Any CPU
		{C724DF5C-DC92-442D-8401-3D9079BE7858}.Debug|Any CPU.ActiveCfg = Debug|Any CPU
		{C724DF5C-DC92-442D-8401-3D9079BE7858}.Debug|Any CPU.Build.0 = Debug|Any CPU
		{C724DF5C-DC92-442D-8401-3D9079BE7858}.ExportDebug|Any CPU.ActiveCfg = Release|Any CPU
		{C724DF5C-DC92-442D-8401-3D9079BE7858}.ExportDebug|Any CPU.Build.0 = Release|Any CPU
		{C724DF5C-DC92-442D-8401-3D9079BE7858}.ExportRelease|Any CPU.ActiveCfg = Release|Any CPU
		{C724DF5C-DC92-442D-8401-3D9079BE7858}.ExportRelease|Any CPU.Build.0 = Release|Any CPU
		{5A8D0C2C-2F9E-C6F1-D7FF-96CA2667D6F0}.Debug|Any CPU.ActiveCfg = Debug|Any CPU
		{5A8D0C2C-2F9E-C6F1-D7FF-96CA2667D6F0}.Debug|Any CPU.Build.0 = Debug|Any CPU
		{5A8D0C2C-2F9E-C6F1-D7FF-96CA2667D6F0}.ExportDebug|Any CPU.ActiveCfg = Release|Any CPU
		{5A8D0C2C-2F9E-C6F1-D7FF-96CA2667D6F0}.ExportDebug|Any CPU.Build.0 = Release|Any CPU
		{5A8D0C2C-2F9E-C6F1-D7FF-96CA2667D6F0}.ExportRelease|Any CPU.ActiveCfg = Release|Any CPU
		{5A8D0C2C-2F9E-C6F1-D7FF-96CA2667D6F0}.ExportRelease|Any CPU.Build.0 = Release|Any CPU
		{A5F6A398-81A0-13B0-E058-0A1E7B598238}.Debug|Any CPU.ActiveCfg = Debug|Any CPU
		{A5F6A398-81A0-13B0-E058-0A1E7B598238}.Debug|Any CPU.Build.0 = Debug|Any CPU
		{A5F6A398-81A0-13B0-E058-0A1E7B598238}.ExportDebug|Any CPU.ActiveCfg = Release|Any CPU
		{A5F6A398-81A0-13B0-E058-0A1E7B598238}.ExportDebug|Any CPU.Build.0 = Release|Any CPU
		{A5F6A398-81A0-13B0-E058-0A1E7B598238}.ExportRelease|Any CPU.ActiveCfg = Release|Any CPU
		{A5F6A398-81A0-13B0-E058-0A1E7B598238}.ExportRelease|Any CPU.Build.0 = Release|Any CPU
	EndGlobalSection
	GlobalSection(SolutionProperties) = preSolution
		HideSolutionNode = FALSE
	EndGlobalSection
	GlobalSection(NestedProjects) = preSolution
		{D307347B-4E37-4FCE-8F1B-70F3188ED693} = {5EEFF9F0-77C2-4447-9BCD-7FA94B00BF98}
		{9F0601AB-EA31-A20F-1B21-30C901BDC579} = {27C98E73-4A72-4B5D-94D7-06FD197DE703}
		{273EFD2B-264A-73C4-9554-0773CE10039D} = {27C98E73-4A72-4B5D-94D7-06FD197DE703}
		{5FB08902-D7AE-50CD-5293-8730670D6A61} = {27C98E73-4A72-4B5D-94D7-06FD197DE703}
		{6C1C76AA-84F7-C031-4B60-3AD999FE858D} = {27C98E73-4A72-4B5D-94D7-06FD197DE703}
		{E3FE56D5-B35F-4784-8344-0F0E2D1501B6} = {27C98E73-4A72-4B5D-94D7-06FD197DE703}
		{6F5F37CE-07DC-DB47-B0EA-CFAE9237F336} = {E3FE56D5-B35F-4784-8344-0F0E2D1501B6}
		{D6168FF3-0476-4A8D-8391-DE88109398BE} = {E3FE56D5-B35F-4784-8344-0F0E2D1501B6}
		{EEBCF329-BDA2-4A44-B7EE-6551AB7BFB02} = {D6168FF3-0476-4A8D-8391-DE88109398BE}
		{015D124D-E55E-45A8-866D-528A14ABBA96} = {D6168FF3-0476-4A8D-8391-DE88109398BE}
		{1824C7F2-0E4C-4855-95D2-DD23F385F9BA} = {27C98E73-4A72-4B5D-94D7-06FD197DE703}
		{F85089FE-842E-49A6-9567-B2C86C38A49C} = {1824C7F2-0E4C-4855-95D2-DD23F385F9BA}
		{EE342B01-72B0-4E59-BF03-581F1A490466} = {F85089FE-842E-49A6-9567-B2C86C38A49C}
		{A64FE841-5CDA-4591-88DF-23C925536D59} = {1824C7F2-0E4C-4855-95D2-DD23F385F9BA}
		{EAF816C5-B4D2-4806-B0FE-E8041E4B2407} = {1824C7F2-0E4C-4855-95D2-DD23F385F9BA}
		{C724DF5C-DC92-442D-8401-3D9079BE7858} = {1824C7F2-0E4C-4855-95D2-DD23F385F9BA}
		{B7A91A01-67CF-4BFE-AD5C-5D6EF681B517} = {27C98E73-4A72-4B5D-94D7-06FD197DE703}
		{5A8D0C2C-2F9E-C6F1-D7FF-96CA2667D6F0} = {B7A91A01-67CF-4BFE-AD5C-5D6EF681B517}
		{A5F6A398-81A0-13B0-E058-0A1E7B598238} = {B7A91A01-67CF-4BFE-AD5C-5D6EF681B517}
	EndGlobalSection
	GlobalSection(ExtensibilityGlobals) = postSolution
		SolutionGuid = {94A0A957-8192-414D-8EC9-CEE1DB704A8D}
	EndGlobalSection
EndGlobal
