
Microsoft Visual Studio Solution File, Format Version 12.00
# Visual Studio Version 18
VisualStudioVersion = 18.5.11723.231
MinimumVisualStudioVersion = 10.0.40219.1
Project("{FAE04EC0-301F-11D3-BF4B-00C04F79EFBC}") = "Setup", "Setup.csproj", "{277654EB-A15F-4973-93DD-BD0BD1696A6F}"
EndProject
Project("{FAE04EC0-301F-11D3-BF4B-00C04F79EFBC}") = "FastMath", "..\FastMath\FastMath.csproj", "{50BE1FE4-5D3C-402A-BA5D-1C9CB3BC1522}"
EndProject
Project("{FAE04EC0-301F-11D3-BF4B-00C04F79EFBC}") = "Components", "..\Components\Components.csproj", "{2C64E772-484D-4C3E-AB2B-5CD364368EC1}"
EndProject
Global
	GlobalSection(SolutionConfigurationPlatforms) = preSolution
		Debug|Any CPU = Debug|Any CPU
		ExportDebug|Any CPU = ExportDebug|Any CPU
		ExportRelease|Any CPU = ExportRelease|Any CPU
	EndGlobalSection
	GlobalSection(ProjectConfigurationPlatforms) = postSolution
		{277654EB-A15F-4973-93DD-BD0BD1696A6F}.Debug|Any CPU.ActiveCfg = Debug|Any CPU
		{277654EB-A15F-4973-93DD-BD0BD1696A6F}.Debug|Any CPU.Build.0 = Debug|Any CPU
		{277654EB-A15F-4973-93DD-BD0BD1696A6F}.ExportDebug|Any CPU.ActiveCfg = ExportDebug|Any CPU
		{277654EB-A15F-4973-93DD-BD0BD1696A6F}.ExportDebug|Any CPU.Build.0 = ExportDebug|Any CPU
		{277654EB-A15F-4973-93DD-BD0BD1696A6F}.ExportRelease|Any CPU.ActiveCfg = ExportRelease|Any CPU
		{277654EB-A15F-4973-93DD-BD0BD1696A6F}.ExportRelease|Any CPU.Build.0 = ExportRelease|Any CPU
		{50BE1FE4-5D3C-402A-BA5D-1C9CB3BC1522}.Debug|Any CPU.ActiveCfg = Debug|Any CPU
		{50BE1FE4-5D3C-402A-BA5D-1C9CB3BC1522}.Debug|Any CPU.Build.0 = Debug|Any CPU
		{50BE1FE4-5D3C-402A-BA5D-1C9CB3BC1522}.ExportDebug|Any CPU.ActiveCfg = Release|Any CPU
		{50BE1FE4-5D3C-402A-BA5D-1C9CB3BC1522}.ExportDebug|Any CPU.Build.0 = Release|Any CPU
		{50BE1FE4-5D3C-402A-BA5D-1C9CB3BC1522}.ExportRelease|Any CPU.ActiveCfg = Release|Any CPU
		{50BE1FE4-5D3C-402A-BA5D-1C9CB3BC1522}.ExportRelease|Any CPU.Build.0 = Release|Any CPU
		{2C64E772-484D-4C3E-AB2B-5CD364368EC1}.Debug|Any CPU.ActiveCfg = Debug|Any CPU
		{2C64E772-484D-4C3E-AB2B-5CD364368EC1}.Debug|Any CPU.Build.0 = Debug|Any CPU
		{2C64E772-484D-4C3E-AB2B-5CD364368EC1}.ExportDebug|Any CPU.ActiveCfg = Release|Any CPU
		{2C64E772-484D-4C3E-AB2B-5CD364368EC1}.ExportDebug|Any CPU.Build.0 = Release|Any CPU
		{2C64E772-484D-4C3E-AB2B-5CD364368EC1}.ExportRelease|Any CPU.ActiveCfg = Release|Any CPU
		{2C64E772-484D-4C3E-AB2B-5CD364368EC1}.ExportRelease|Any CPU.Build.0 = Release|Any CPU
	EndGlobalSection
	GlobalSection(SolutionProperties) = preSolution
		HideSolutionNode = FALSE
	EndGlobalSection
	GlobalSection(ExtensibilityGlobals) = postSolution
		SolutionGuid = {3F97E772-3491-4664-B270-814FB1DD0CED}
	EndGlobalSection
EndGlobal
